// !$*UTF8*$!
{
	archiveVersion = 1;
	classes = {
	};
	objectVersion = 46;
	objects = {

/* Begin PBXBuildFile section */
		427DAEE22ED08C4FA4EF0FA6 /* Pods_TipCal.framework in Frameworks */ = {isa = PBXBuildFile; fileRef = 288F722C1933491B9B2B24D4 /* Pods_TipCal.framework */; };
		6D6AB5F5817A55FD07F21261 /* Pods_TipCalTests.framework in Frameworks */ = {isa = PBXBuildFile; fileRef = 6E391557EDE3E5963548F301 /* Pods_TipCalTests.framework */; };
		B71995851F39631A00C6EB0C /* AppDelegate.swift in Sources */ = {isa = PBXBuildFile; fileRef = B71995841F39631A00C6EB0C /* AppDelegate.swift */; };
		B71995871F39631A00C6EB0C /* ViewController.swift in Sources */ = {isa = PBXBuildFile; fileRef = B71995861F39631A00C6EB0C /* ViewController.swift */; };
		B719958A1F39631A00C6EB0C /* Main.storyboard in Resources */ = {isa = PBXBuildFile; fileRef = B71995881F39631A00C6EB0C /* Main.storyboard */; };
		B719958C1F39631A00C6EB0C /* Assets.xcassets in Resources */ = {isa = PBXBuildFile; fileRef = B719958B1F39631A00C6EB0C /* Assets.xcassets */; };
		B719958F1F39631A00C6EB0C /* LaunchScreen.storyboard in Resources */ = {isa = PBXBuildFile; fileRef = B719958D1F39631A00C6EB0C /* LaunchScreen.storyboard */; };
		B719959A1F39631A00C6EB0C /* TipCalTests.swift in Sources */ = {isa = PBXBuildFile; fileRef = B71995991F39631A00C6EB0C /* TipCalTests.swift */; };
		B71995A51F397A9100C6EB0C /* SettingsViewController.swift in Sources */ = {isa = PBXBuildFile; fileRef = B71995A41F397A9100C6EB0C /* SettingsViewController.swift */; };
		B7EAD9AD1F3C2CAC00A1ACC5 /* Helper.swift in Sources */ = {isa = PBXBuildFile; fileRef = B7EAD9AC1F3C2CAC00A1ACC5 /* Helper.swift */; };
/* End PBXBuildFile section */

/* Begin PBXContainerItemProxy section */
		B71995961F39631A00C6EB0C /* PBXContainerItemProxy */ = {
			isa = PBXContainerItemProxy;
			containerPortal = B71995791F39631A00C6EB0C /* Project object */;
			proxyType = 1;
			remoteGlobalIDString = B71995801F39631A00C6EB0C;
			remoteInfo = TipCal;
		};
/* End PBXContainerItemProxy section */

/* Begin PBXFileReference section */
		288F722C1933491B9B2B24D4 /* Pods_TipCal.framework */ = {isa = PBXFileReference; explicitFileType = wrapper.framework; includeInIndex = 0; path = Pods_TipCal.framework; sourceTree = BUILT_PRODUCTS_DIR; };
		6E391557EDE3E5963548F301 /* Pods_TipCalTests.framework */ = {isa = PBXFileReference; explicitFileType = wrapper.framework; includeInIndex = 0; path = Pods_TipCalTests.framework; sourceTree = BUILT_PRODUCTS_DIR; };
		97DF2AA12E0533653B59ACCF /* Pods-TipCalTests.debug.xcconfig */ = {isa = PBXFileReference; includeInIndex = 1; lastKnownFileType = text.xcconfig; name = "Pods-TipCalTests.debug.xcconfig"; path = "Pods/Target Support Files/Pods-TipCalTests/Pods-TipCalTests.debug.xcconfig"; sourceTree = "<group>"; };
		B0E09361080673B4F46B5E04 /* Pods-TipCalTests.release.xcconfig */ = {isa = PBXFileReference; includeInIndex = 1; lastKnownFileType = text.xcconfig; name = "Pods-TipCalTests.release.xcconfig"; path = "Pods/Target Support Files/Pods-TipCalTests/Pods-TipCalTests.release.xcconfig"; sourceTree = "<group>"; };
		B71995811F39631A00C6EB0C /* TipCal.app */ = {isa = PBXFileReference; explicitFileType = wrapper.application; includeInIndex = 0; path = TipCal.app; sourceTree = BUILT_PRODUCTS_DIR; };
		B71995841F39631A00C6EB0C /* AppDelegate.swift */ = {isa = PBXFileReference; lastKnownFileType = sourcecode.swift; path = AppDelegate.swift; sourceTree = "<group>"; };
		B71995861F39631A00C6EB0C /* ViewController.swift */ = {isa = PBXFileReference; lastKnownFileType = sourcecode.swift; path = ViewController.swift; sourceTree = "<group>"; };
		B71995891F39631A00C6EB0C /* Base */ = {isa = PBXFileReference; lastKnownFileType = file.storyboard; name = Base; path = Base.lproj/Main.storyboard; sourceTree = "<group>"; };
		B719958B1F39631A00C6EB0C /* Assets.xcassets */ = {isa = PBXFileReference; lastKnownFileType = folder.assetcatalog; path = Assets.xcassets; sourceTree = "<group>"; };
		B719958E1F39631A00C6EB0C /* Base */ = {isa = PBXFileReference; lastKnownFileType = file.storyboard; name = Base; path = Base.lproj/LaunchScreen.storyboard; sourceTree = "<group>"; };
		B71995901F39631A00C6EB0C /* Info.plist */ = {isa = PBXFileReference; lastKnownFileType = text.plist.xml; path = Info.plist; sourceTree = "<group>"; };
		B71995951F39631A00C6EB0C /* TipCalTests.xctest */ = {isa = PBXFileReference; explicitFileType = wrapper.cfbundle; includeInIndex = 0; path = TipCalTests.xctest; sourceTree = BUILT_PRODUCTS_DIR; };
		B71995991F39631A00C6EB0C /* TipCalTests.swift */ = {isa = PBXFileReference; lastKnownFileType = sourcecode.swift; path = TipCalTests.swift; sourceTree = "<group>"; };
		B719959B1F39631A00C6EB0C /* Info.plist */ = {isa = PBXFileReference; lastKnownFileType = text.plist.xml; path = Info.plist; sourceTree = "<group>"; };
		B71995A41F397A9100C6EB0C /* SettingsViewController.swift */ = {isa = PBXFileReference; fileEncoding = 4; lastKnownFileType = sourcecode.swift; path = SettingsViewController.swift; sourceTree = "<group>"; };
		B7EAD9AC1F3C2CAC00A1ACC5 /* Helper.swift */ = {isa = PBXFileReference; fileEncoding = 4; lastKnownFileType = sourcecode.swift; path = Helper.swift; sourceTree = "<group>"; };
		FF8C45B2EB75F49A93FB819F /* Pods-TipCal.release.xcconfig */ = {isa = PBXFileReference; includeInIndex = 1; lastKnownFileType = text.xcconfig; name = "Pods-TipCal.release.xcconfig"; path = "Pods/Target Support Files/Pods-TipCal/Pods-TipCal.release.xcconfig"; sourceTree = "<group>"; };
		FFBABD8E8CF44F20BAFF2F85 /* Pods-TipCal.debug.xcconfig */ = {isa = PBXFileReference; includeInIndex = 1; lastKnownFileType = text.xcconfig; name = "Pods-TipCal.debug.xcconfig"; path = "Pods/Target Support Files/Pods-TipCal/Pods-TipCal.debug.xcconfig"; sourceTree = "<group>"; };
/* End PBXFileReference section */

/* Begin PBXFrameworksBuildPhase section */
		B719957E1F39631A00C6EB0C /* Frameworks */ = {
			isa = PBXFrameworksBuildPhase;
			buildActionMask = 2147483647;
			files = (
				427DAEE22ED08C4FA4EF0FA6 /* Pods_TipCal.framework in Frameworks */,
			);
			runOnlyForDeploymentPostprocessing = 0;
		};
		B71995921F39631A00C6EB0C /* Frameworks */ = {
			isa = PBXFrameworksBuildPhase;
			buildActionMask = 2147483647;
			files = (
				6D6AB5F5817A55FD07F21261 /* Pods_TipCalTests.framework in Frameworks */,
			);
			runOnlyForDeploymentPostprocessing = 0;
		};
/* End PBXFrameworksBuildPhase section */

/* Begin PBXGroup section */
		4CBDF9D4CAAE85493FC1A595 /* Frameworks */ = {
			isa = PBXGroup;
			children = (
				288F722C1933491B9B2B24D4 /* Pods_TipCal.framework */,
				6E391557EDE3E5963548F301 /* Pods_TipCalTests.framework */,
			);
			name = Frameworks;
			sourceTree = "<group>";
		};
		5F82646BE402D3A78AB6C362 /* Pods */ = {
			isa = PBXGroup;
			children = (
				FFBABD8E8CF44F20BAFF2F85 /* Pods-TipCal.debug.xcconfig */,
				FF8C45B2EB75F49A93FB819F /* Pods-TipCal.release.xcconfig */,
				97DF2AA12E0533653B59ACCF /* Pods-TipCalTests.debug.xcconfig */,
				B0E09361080673B4F46B5E04 /* Pods-TipCalTests.release.xcconfig */,
			);
			name = Pods;
			sourceTree = "<group>";
		};
		B71995781F39631A00C6EB0C = {
			isa = PBXGroup;
			children = (
				B71995831F39631A00C6EB0C /* TipCal */,
				B71995981F39631A00C6EB0C /* TipCalTests */,
				B71995821F39631A00C6EB0C /* Products */,
				5F82646BE402D3A78AB6C362 /* Pods */,
				4CBDF9D4CAAE85493FC1A595 /* Frameworks */,
			);
			sourceTree = "<group>";
		};
		B71995821F39631A00C6EB0C /* Products */ = {
			isa = PBXGroup;
			children = (
				B71995811F39631A00C6EB0C /* TipCal.app */,
				B71995951F39631A00C6EB0C /* TipCalTests.xctest */,
			);
			name = Products;
			sourceTree = "<group>";
		};
		B71995831F39631A00C6EB0C /* TipCal */ = {
			isa = PBXGroup;
			children = (
				B71995841F39631A00C6EB0C /* AppDelegate.swift */,
				B71995861F39631A00C6EB0C /* ViewController.swift */,
				B71995881F39631A00C6EB0C /* Main.storyboard */,
				B719958B1F39631A00C6EB0C /* Assets.xcassets */,
				B719958D1F39631A00C6EB0C /* LaunchScreen.storyboard */,
				B71995901F39631A00C6EB0C /* Info.plist */,
				B71995A41F397A9100C6EB0C /* SettingsViewController.swift */,
				B7EAD9AC1F3C2CAC00A1ACC5 /* Helper.swift */,
			);
			path = TipCal;
			sourceTree = "<group>";
		};
		B71995981F39631A00C6EB0C /* TipCalTests */ = {
			isa = PBXGroup;
			children = (
				B71995991F39631A00C6EB0C /* TipCalTests.swift */,
				B719959B1F39631A00C6EB0C /* Info.plist */,
			);
			path = TipCalTests;
			sourceTree = "<group>";
		};
/* End PBXGroup section */

/* Begin PBXNativeTarget section */
		B71995801F39631A00C6EB0C /* TipCal */ = {
			isa = PBXNativeTarget;
			buildConfigurationList = B719959E1F39631A00C6EB0C /* Build configuration list for PBXNativeTarget "TipCal" */;
			buildPhases = (
				83DC0308B4D6D11EE36D0188 /* [CP] Check Pods Manifest.lock */,
				B719957D1F39631A00C6EB0C /* Sources */,
				B719957E1F39631A00C6EB0C /* Frameworks */,
				B719957F1F39631A00C6EB0C /* Resources */,
				315CFBF3AD438B1E00233B0E /* [CP] Embed Pods Frameworks */,
				FAB7D88FF940DE3D08A18E00 /* [CP] Copy Pods Resources */,
			);
			buildRules = (
			);
			dependencies = (
			);
			name = TipCal;
			productName = TipCal;
			productReference = B71995811F39631A00C6EB0C /* TipCal.app */;
			productType = "com.apple.product-type.application";
		};
		B71995941F39631A00C6EB0C /* TipCalTests */ = {
			isa = PBXNativeTarget;
			buildConfigurationList = B71995A11F39631A00C6EB0C /* Build configuration list for PBXNativeTarget "TipCalTests" */;
			buildPhases = (
				4E7C4A7CF08BD8CA578A8394 /* [CP] Check Pods Manifest.lock */,
				B71995911F39631A00C6EB0C /* Sources */,
				B71995921F39631A00C6EB0C /* Frameworks */,
				B71995931F39631A00C6EB0C /* Resources */,
				BEDF607BBEAE9556E45536E2 /* [CP] Embed Pods Frameworks */,
				77EBB8AE68C10620C6ECD323 /* [CP] Copy Pods Resources */,
			);
			buildRules = (
			);
			dependencies = (
				B71995971F39631A00C6EB0C /* PBXTargetDependency */,
			);
			name = TipCalTests;
			productName = TipCalTests;
			productReference = B71995951F39631A00C6EB0C /* TipCalTests.xctest */;
			productType = "com.apple.product-type.bundle.unit-test";
		};
/* End PBXNativeTarget section */

/* Begin PBXProject section */
		B71995791F39631A00C6EB0C /* Project object */ = {
			isa = PBXProject;
			attributes = {
				LastSwiftUpdateCheck = 0830;
				LastUpgradeCheck = 0830;
				ORGANIZATIONNAME = "Raina Wang";
				TargetAttributes = {
					B71995801F39631A00C6EB0C = {
						CreatedOnToolsVersion = 8.3.3;
						ProvisioningStyle = Automatic;
					};
					B71995941F39631A00C6EB0C = {
						CreatedOnToolsVersion = 8.3.3;
						ProvisioningStyle = Automatic;
						TestTargetID = B71995801F39631A00C6EB0C;
					};
				};
			};
			buildConfigurationList = B719957C1F39631A00C6EB0C /* Build configuration list for PBXProject "TipCal" */;
			compatibilityVersion = "Xcode 3.2";
			developmentRegion = English;
			hasScannedForEncodings = 0;
			knownRegions = (
				en,
				Base,
			);
			mainGroup = B71995781F39631A00C6EB0C;
			productRefGroup = B71995821F39631A00C6EB0C /* Products */;
			projectDirPath = "";
			projectRoot = "";
			targets = (
				B71995801F39631A00C6EB0C /* TipCal */,
				B71995941F39631A00C6EB0C /* TipCalTests */,
			);
		};
/* End PBXProject section */

/* Begin PBXResourcesBuildPhase section */
		B719957F1F39631A00C6EB0C /* Resources */ = {
			isa = PBXResourcesBuildPhase;
			buildActionMask = 2147483647;
			files = (
				B719958F1F39631A00C6EB0C /* LaunchScreen.storyboard in Resources */,
				B719958C1F39631A00C6EB0C /* Assets.xcassets in Resources */,
				B719958A1F39631A00C6EB0C /* Main.storyboard in Resources */,
			);
			runOnlyForDeploymentPostprocessing = 0;
		};
		B71995931F39631A00C6EB0C /* Resources */ = {
			isa = PBXResourcesBuildPhase;
			buildActionMask = 2147483647;
			files = (
			);
			runOnlyForDeploymentPostprocessing = 0;
		};
/* End PBXResourcesBuildPhase section */

/* Begin PBXShellScriptBuildPhase section */
		315CFBF3AD438B1E00233B0E /* [CP] Embed Pods Frameworks */ = {
			isa = PBXShellScriptBuildPhase;
			buildActionMask = 2147483647;
			files = (
			);
			inputPaths = (
				"${SRCROOT}/Pods/Target Support Files/Pods-TipCal/Pods-TipCal-frameworks.sh",
				"${BUILT_PRODUCTS_DIR}/KWStepper/KWStepper.framework",
			);
			name = "[CP] Embed Pods Frameworks";
			outputPaths = (
				"${TARGET_BUILD_DIR}/${FRAMEWORKS_FOLDER_PATH}/KWStepper.framework",
			);
			runOnlyForDeploymentPostprocessing = 0;
			shellPath = /bin/sh;
			shellScript = "\"${SRCROOT}/Pods/Target Support Files/Pods-TipCal/Pods-TipCal-frameworks.sh\"\n";
			showEnvVarsInLog = 0;
		};
		4E7C4A7CF08BD8CA578A8394 /* [CP] Check Pods Manifest.lock */ = {
			isa = PBXShellScriptBuildPhase;
			buildActionMask = 2147483647;
			files = (
			);
			inputPaths = (
				"${PODS_PODFILE_DIR_PATH}/Podfile.lock",
				"${PODS_ROOT}/Manifest.lock",
			);
			name = "[CP] Check Pods Manifest.lock";
			outputPaths = (
				"$(DERIVED_FILE_DIR)/Pods-TipCalTests-checkManifestLockResult.txt",
			);
			runOnlyForDeploymentPostprocessing = 0;
			shellPath = /bin/sh;
			shellScript = "diff \"${PODS_PODFILE_DIR_PATH}/Podfile.lock\" \"${PODS_ROOT}/Manifest.lock\" > /dev/null\nif [ $? != 0 ] ; then\n    # print error to STDERR\n    echo \"error: The sandbox is not in sync with the Podfile.lock. Run 'pod install' or update your CocoaPods installation.\" >&2\n    exit 1\nfi\n# This output is used by Xcode 'outputs' to avoid re-running this script phase.\necho \"SUCCESS\" > \"${SCRIPT_OUTPUT_FILE_0}\"\n";
			showEnvVarsInLog = 0;
		};
		77EBB8AE68C10620C6ECD323 /* [CP] Copy Pods Resources */ = {
			isa = PBXShellScriptBuildPhase;
			buildActionMask = 2147483647;
			files = (
			);
			inputPaths = (
			);
			name = "[CP] Copy Pods Resources";
			outputPaths = (
			);
			runOnlyForDeploymentPostprocessing = 0;
			shellPath = /bin/sh;
			shellScript = "\"${SRCROOT}/Pods/Target Support Files/Pods-TipCalTests/Pods-TipCalTests-resources.sh\"\n";
			showEnvVarsInLog = 0;
		};
		83DC0308B4D6D11EE36D0188 /* [CP] Check Pods Manifest.lock */ = {
			isa = PBXShellScriptBuildPhase;
			buildActionMask = 2147483647;
			files = (
			);
			inputPaths = (
				"${PODS_PODFILE_DIR_PATH}/Podfile.lock",
				"${PODS_ROOT}/Manifest.lock",
			);
			name = "[CP] Check Pods Manifest.lock";
			outputPaths = (
				"$(DERIVED_FILE_DIR)/Pods-TipCal-checkManifestLockResult.txt",
			);
			runOnlyForDeploymentPostprocessing = 0;
			shellPath = /bin/sh;
			shellScript = "diff \"${PODS_PODFILE_DIR_PATH}/Podfile.lock\" \"${PODS_ROOT}/Manifest.lock\" > /dev/null\nif [ $? != 0 ] ; then\n    # print error to STDERR\n    echo \"error: The sandbox is not in sync with the Podfile.lock. Run 'pod install' or update your CocoaPods installation.\" >&2\n    exit 1\nfi\n# This output is used by Xcode 'outputs' to avoid re-running this script phase.\necho \"SUCCESS\" > \"${SCRIPT_OUTPUT_FILE_0}\"\n";
			showEnvVarsInLog = 0;
		};
		BEDF607BBEAE9556E45536E2 /* [CP] Embed Pods Frameworks */ = {
			isa = PBXShellScriptBuildPhase;
			buildActionMask = 2147483647;
			files = (
			);
			inputPaths = (
			);
			name = "[CP] Embed Pods Frameworks";
			outputPaths = (
			);
			runOnlyForDeploymentPostprocessing = 0;
			shellPath = /bin/sh;
			shellScript = "\"${SRCROOT}/Pods/Target Support Files/Pods-TipCalTests/Pods-TipCalTests-frameworks.sh\"\n";
			showEnvVarsInLog = 0;
		};
		FAB7D88FF940DE3D08A18E00 /* [CP] Copy Pods Resources */ = {
			isa = PBXShellScriptBuildPhase;
			buildActionMask = 2147483647;
			files = (
			);
			inputPaths = (
			);
			name = "[CP] Copy Pods Resources";
			outputPaths = (
			);
			runOnlyForDeploymentPostprocessing = 0;
			shellPath = /bin/sh;
			shellScript = "\"${SRCROOT}/Pods/Target Support Files/Pods-TipCal/Pods-TipCal-resources.sh\"\n";
			showEnvVarsInLog = 0;
		};
/* End PBXShellScriptBuildPhase section */

/* Begin PBXSourcesBuildPhase section */
		B719957D1F39631A00C6EB0C /* Sources */ = {
			isa = PBXSourcesBuildPhase;
			buildActionMask = 2147483647;
			files = (
				B71995871F39631A00C6EB0C /* ViewController.swift in Sources */,
				B71995851F39631A00C6EB0C /* AppDelegate.swift in Sources */,
				B71995A51F397A9100C6EB0C /* SettingsViewController.swift in Sources */,
				B7EAD9AD1F3C2CAC00A1ACC5 /* Helper.swift in Sources */,
			);
			runOnlyForDeploymentPostprocessing = 0;
		};
		B71995911F39631A00C6EB0C /* Sources */ = {
			isa = PBXSourcesBuildPhase;
			buildActionMask = 2147483647;
			files = (
				B719959A1F39631A00C6EB0C /* TipCalTests.swift in Sources */,
			);
			runOnlyForDeploymentPostprocessing = 0;
		};
/* End PBXSourcesBuildPhase section */

/* Begin PBXTargetDependency section */
		B71995971F39631A00C6EB0C /* PBXTargetDependency */ = {
			isa = PBXTargetDependency;
			target = B71995801F39631A00C6EB0C /* TipCal */;
			targetProxy = B71995961F39631A00C6EB0C /* PBXContainerItemProxy */;
		};
/* End PBXTargetDependency section */

/* Begin PBXVariantGroup section */
		B71995881F39631A00C6EB0C /* Main.storyboard */ = {
			isa = PBXVariantGroup;
			children = (
				B71995891F39631A00C6EB0C /* Base */,
			);
			name = Main.storyboard;
			sourceTree = "<group>";
		};
		B719958D1F39631A00C6EB0C /* LaunchScreen.storyboard */ = {
			isa = PBXVariantGroup;
			children = (
				B719958E1F39631A00C6EB0C /* Base */,
			);
			name = LaunchScreen.storyboard;
			sourceTree = "<group>";
		};
/* End PBXVariantGroup section */

/* Begin XCBuildConfiguration section */
		B719959C1F39631A00C6EB0C /* Debug */ = {
			isa = XCBuildConfiguration;
			buildSettings = {
				ALWAYS_SEARCH_USER_PATHS = NO;
				CLANG_ANALYZER_NONNULL = YES;
				CLANG_ANALYZER_NUMBER_OBJECT_CONVERSION = YES_AGGRESSIVE;
				CLANG_CXX_LANGUAGE_STANDARD = "gnu++0x";
				CLANG_CXX_LIBRARY = "libc++";
				CLANG_ENABLE_MODULES = YES;
				CLANG_ENABLE_OBJC_ARC = YES;
				CLANG_WARN_BOOL_CONVERSION = YES;
				CLANG_WARN_CONSTANT_CONVERSION = YES;
				CLANG_WARN_DIRECT_OBJC_ISA_USAGE = YES_ERROR;
				CLANG_WARN_DOCUMENTATION_COMMENTS = YES;
				CLANG_WARN_EMPTY_BODY = YES;
				CLANG_WARN_ENUM_CONVERSION = YES;
				CLANG_WARN_INFINITE_RECURSION = YES;
				CLANG_WARN_INT_CONVERSION = YES;
				CLANG_WARN_OBJC_ROOT_CLASS = YES_ERROR;
				CLANG_WARN_SUSPICIOUS_MOVE = YES;
				CLANG_WARN_UNREACHABLE_CODE = YES;
				CLANG_WARN__DUPLICATE_METHOD_MATCH = YES;
				"CODE_SIGN_IDENTITY[sdk=iphoneos*]" = "iPhone Developer";
				COPY_PHASE_STRIP = NO;
				DEBUG_INFORMATION_FORMAT = dwarf;
				ENABLE_STRICT_OBJC_MSGSEND = YES;
				ENABLE_TESTABILITY = YES;
				GCC_C_LANGUAGE_STANDARD = gnu99;
				GCC_DYNAMIC_NO_PIC = NO;
				GCC_NO_COMMON_BLOCKS = YES;
				GCC_OPTIMIZATION_LEVEL = 0;
				GCC_PREPROCESSOR_DEFINITIONS = (
					"DEBUG=1",
					"$(inherited)",
				);
				GCC_WARN_64_TO_32_BIT_CONVERSION = YES;
				GCC_WARN_ABOUT_RETURN_TYPE = YES_ERROR;
				GCC_WARN_UNDECLARED_SELECTOR = YES;
				GCC_WARN_UNINITIALIZED_AUTOS = YES_AGGRESSIVE;
				GCC_WARN_UNUSED_FUNCTION = YES;
				GCC_WARN_UNUSED_VARIABLE = YES;
				IPHONEOS_DEPLOYMENT_TARGET = 10.3;
				MTL_ENABLE_DEBUG_INFO = YES;
				ONLY_ACTIVE_ARCH = YES;
				SDKROOT = iphoneos;
				SWIFT_ACTIVE_COMPILATION_CONDITIONS = DEBUG;
				SWIFT_OPTIMIZATION_LEVEL = "-Onone";
			};
			name = Debug;
		};
		B719959D1F39631A00C6EB0C /* Release */ = {
			isa = XCBuildConfiguration;
			buildSettings = {
				ALWAYS_SEARCH_USER_PATHS = NO;
				CLANG_ANALYZER_NONNULL = YES;
				CLANG_ANALYZER_NUMBER_OBJECT_CONVERSION = YES_AGGRESSIVE;
				CLANG_CXX_LANGUAGE_STANDARD = "gnu++0x";
				CLANG_CXX_LIBRARY = "libc++";
				CLANG_ENABLE_MODULES = YES;
				CLANG_ENABLE_OBJC_ARC = YES;
				CLANG_WARN_BOOL_CONVERSION = YES;
				CLANG_WARN_CONSTANT_CONVERSION = YES;
				CLANG_WARN_DIRECT_OBJC_ISA_USAGE = YES_ERROR;
				CLANG_WARN_DOCUMENTATION_COMMENTS = YES;
				CLANG_WARN_EMPTY_BODY = YES;
				CLANG_WARN_ENUM_CONVERSION = YES;
				CLANG_WARN_INFINITE_RECURSION = YES;
				CLANG_WARN_INT_CONVERSION = YES;
				CLANG_WARN_OBJC_ROOT_CLASS = YES_ERROR;
				CLANG_WARN_SUSPICIOUS_MOVE = YES;
				CLANG_WARN_UNREACHABLE_CODE = YES;
				CLANG_WARN__DUPLICATE_METHOD_MATCH = YES;
				"CODE_SIGN_IDENTITY[sdk=iphoneos*]" = "iPhone Developer";
				COPY_PHASE_STRIP = NO;
				DEBUG_INFORMATION_FORMAT = "dwarf-with-dsym";
				ENABLE_NS_ASSERTIONS = NO;
				ENABLE_STRICT_OBJC_MSGSEND = YES;
				GCC_C_LANGUAGE_STANDARD = gnu99;
				GCC_NO_COMMON_BLOCKS = YES;
				GCC_WARN_64_TO_32_BIT_CONVERSION = YES;
				GCC_WARN_ABOUT_RETURN_TYPE = YES_ERROR;
				GCC_WARN_UNDECLARED_SELECTOR = YES;
				GCC_WARN_UNINITIALIZED_AUTOS = YES_AGGRESSIVE;
				GCC_WARN_UNUSED_FUNCTION = YES;
				GCC_WARN_UNUSED_VARIABLE = YES;
				IPHONEOS_DEPLOYMENT_TARGET = 10.3;
				MTL_ENABLE_DEBUG_INFO = NO;
				SDKROOT = iphoneos;
				SWIFT_OPTIMIZATION_LEVEL = "-Owholemodule";
				VALIDATE_PRODUCT = YES;
			};
			name = Release;
		};
		B719959F1F39631A00C6EB0C /* Debug */ = {
			isa = XCBuildConfiguration;
			baseConfigurationReference = FFBABD8E8CF44F20BAFF2F85 /* Pods-TipCal.debug.xcconfig */;
			buildSettings = {
				ASSETCATALOG_COMPILER_APPICON_NAME = AppIcon;
				INFOPLIST_FILE = TipCal/Info.plist;
				LD_RUNPATH_SEARCH_PATHS = "$(inherited) @executable_path/Frameworks";
				PRODUCT_BUNDLE_IDENTIFIER = com.TipCal;
				PRODUCT_NAME = "$(TARGET_NAME)";
				SWIFT_VERSION = 3.0;
			};
			name = Debug;
		};
		B71995A01F39631A00C6EB0C /* Release */ = {
			isa = XCBuildConfiguration;
			baseConfigurationReference = FF8C45B2EB75F49A93FB819F /* Pods-TipCal.release.xcconfig */;
			buildSettings = {
				ASSETCATALOG_COMPILER_APPICON_NAME = AppIcon;
				INFOPLIST_FILE = TipCal/Info.plist;
				LD_RUNPATH_SEARCH_PATHS = "$(inherited) @executable_path/Frameworks";
				PRODUCT_BUNDLE_IDENTIFIER = com.TipCal;
				PRODUCT_NAME = "$(TARGET_NAME)";
				SWIFT_VERSION = 3.0;
			};
			name = Release;
		};
		B71995A21F39631A00C6EB0C /* Debug */ = {
			isa = XCBuildConfiguration;
			baseConfigurationReference = 97DF2AA12E0533653B59ACCF /* Pods-TipCalTests.debug.xcconfig */;
			buildSettings = {
				ALWAYS_EMBED_SWIFT_STANDARD_LIBRARIES = YES;
				BUNDLE_LOADER = "$(TEST_HOST)";
				INFOPLIST_FILE = TipCalTests/Info.plist;
				LD_RUNPATH_SEARCH_PATHS = "$(inherited) @executable_path/Frameworks @loader_path/Frameworks";
				PRODUCT_BUNDLE_IDENTIFIER = com.TipCalTests;
				PRODUCT_NAME = "$(TARGET_NAME)";
				SWIFT_VERSION = 3.0;
				TEST_HOST = "$(BUILT_PRODUCTS_DIR)/TipCal.app/TipCal";
			};
			name = Debug;
		};
		B71995A31F39631A00C6EB0C /* Release */ = {
			isa = XCBuildConfiguration;
			baseConfigurationReference = B0E09361080673B4F46B5E04 /* Pods-TipCalTests.release.xcconfig */;
			buildSettings = {
				ALWAYS_EMBED_SWIFT_STANDARD_LIBRARIES = YES;
				BUNDLE_LOADER = "$(TEST_HOST)";
				INFOPLIST_FILE = TipCalTests/Info.plist;
				LD_RUNPATH_SEARCH_PATHS = "$(inherited) @executable_path/Frameworks @loader_path/Frameworks";
				PRODUCT_BUNDLE_IDENTIFIER = com.TipCalTests;
				PRODUCT_NAME = "$(TARGET_NAME)";
				SWIFT_VERSION = 3.0;
				TEST_HOST = "$(BUILT_PRODUCTS_DIR)/TipCal.app/TipCal";
			};
			name = Release;
		};
/* End XCBuildConfiguration section */

/* Begin XCConfigurationList section */
		B719957C1F39631A00C6EB0C /* Build configuration list for PBXProject "TipCal" */ = {
			isa = XCConfigurationList;
			buildConfigurations = (
				B719959C1F39631A00C6EB0C /* Debug */,
				B719959D1F39631A00C6EB0C /* Release */,
			);
			defaultConfigurationIsVisible = 0;
			defaultConfigurationName = Release;
		};
		B719959E1F39631A00C6EB0C /* Build configuration list for PBXNativeTarget "TipCal" */ = {
			isa = XCConfigurationList;
			buildConfigurations = (
				B719959F1F39631A00C6EB0C /* Debug */,
				B71995A01F39631A00C6EB0C /* Release */,
			);
			defaultConfigurationIsVisible = 0;
			defaultConfigurationName = Release;
		};
		B71995A11F39631A00C6EB0C /* Build configuration list for PBXNativeTarget "TipCalTests" */ = {
			isa = XCConfigurationList;
			buildConfigurations = (
				B71995A21F39631A00C6EB0C /* Debug */,
				B71995A31F39631A00C6EB0C /* Release */,
			);
			defaultConfigurationIsVisible = 0;
			defaultConfigurationName = Release;
		};
/* End XCConfigurationList section */
	};
	rootObject = B71995791F39631A00C6EB0C /* Project object */;
}
